
Microsoft Visual Studio Solution File, Format Version 12.00
# Visual Studio Version 16
VisualStudioVersion = 16.0.31829.152
MinimumVisualStudioVersion = 10.0.40219.1
Project("{FAE04EC0-301F-11D3-BF4B-00C04F79EFBC}") = "MovieFoodMvc", "MovieFoodMvc\MovieFoodMvc.csproj", "{2703E1BA-DC16-4D83-AAFF-2BA7C82F1C4E}"
EndProject
Global
	GlobalSection(SolutionConfigurationPlatforms) = preSolution
		Debug|Any CPU = Debug|Any CPU
		Release|Any CPU = Release|Any CPU
	EndGlobalSection
	GlobalSection(ProjectConfigurationPlatforms) = postSolution
		{2703E1BA-DC16-4D83-AAFF-2BA7C82F1C4E}.Debug|Any CPU.ActiveCfg = Debug|Any CPU
		{2703E1BA-DC16-4D83-AAFF-2BA7C82F1C4E}.Debug|Any CPU.Build.0 = Debug|Any CPU
		{2703E1BA-DC16-4D83-AAFF-2BA7C82F1C4E}.Release|Any CPU.ActiveCfg = Release|Any CPU
		{2703E1BA-DC16-4D83-AAFF-2BA7C82F1C4E}.Release|Any CPU.Build.0 = Release|Any CPU
	EndGlobalSection
	GlobalSection(SolutionProperties) = preSolution
		HideSolutionNode = FALSE
	EndGlobalSection
	GlobalSection(ExtensibilityGlobals) = postSolution
		SolutionGuid = {221BCD80-280A-46DA-82DA-19D0297C2ECB}
	EndGlobalSection
EndGlobal
